
Microsoft Visual Studio Solution File, Format Version 12.00
# Visual Studio Version 17
VisualStudioVersion = 17.10.35013.160
MinimumVisualStudioVersion = 10.0.40219.1
Project("{FAE04EC0-301F-11D3-BF4B-00C04F79EFBC}") = "DataLayer", "DataLayer\DataLayer.csproj", "{8995D2AE-7972-4DDE-A429-8BA277140518}"
EndProject
Project("{FAE04EC0-301F-11D3-BF4B-00C04F79EFBC}") = "PresentationLayer", "PresentationLayer\PresentationLayer.csproj", "{0E9DDF96-3533-4CBE-BED4-13FB9A555718}"
EndProject
Project("{FAE04EC0-301F-11D3-BF4B-00C04F79EFBC}") = "BusinessLayer", "BusinessLayer\BusinessLayer.csproj", "{AAF92697-91B6-48E4-9B61-1DCC38963CF6}"
EndProject
Global
	GlobalSection(SolutionConfigurationPlatforms) = preSolution
		Debug|Any CPU = Debug|Any CPU
		Release|Any CPU = Release|Any CPU
	EndGlobalSection
	GlobalSection(ProjectConfigurationPlatforms) = postSolution
		{8995D2AE-7972-4DDE-A429-8BA277140518}.Debug|Any CPU.ActiveCfg = Debug|Any CPU
		{8995D2AE-7972-4DDE-A429-8BA277140518}.Debug|Any CPU.Build.0 = Debug|Any CPU
		{8995D2AE-7972-4DDE-A429-8BA277140518}.Release|Any CPU.ActiveCfg = Release|Any CPU
		{8995D2AE-7972-4DDE-A429-8BA277140518}.Release|Any CPU.Build.0 = Release|Any CPU
		{0E9DDF96-3533-4CBE-BED4-13FB9A555718}.Debug|Any CPU.ActiveCfg = Debug|Any CPU
		{0E9DDF96-3533-4CBE-BED4-13FB9A555718}.Debug|Any CPU.Build.0 = Debug|Any CPU
		{0E9DDF96-3533-4CBE-BED4-13FB9A555718}.Release|Any CPU.ActiveCfg = Release|Any CPU
		{0E9DDF96-3533-4CBE-BED4-13FB9A555718}.Release|Any CPU.Build.0 = Release|Any CPU
		{AAF92697-91B6-48E4-9B61-1DCC38963CF6}.Debug|Any CPU.ActiveCfg = Debug|Any CPU
		{AAF92697-91B6-48E4-9B61-1DCC38963CF6}.Debug|Any CPU.Build.0 = Debug|Any CPU
		{AAF92697-91B6-48E4-9B61-1DCC38963CF6}.Release|Any CPU.ActiveCfg = Release|Any CPU
		{AAF92697-91B6-48E4-9B61-1DCC38963CF6}.Release|Any CPU.Build.0 = Release|Any CPU
	EndGlobalSection
	GlobalSection(SolutionProperties) = preSolution
		HideSolutionNode = FALSE
	EndGlobalSection
	GlobalSection(ExtensibilityGlobals) = postSolution
		SolutionGuid = {668F62DC-DE1B-4C5A-9B19-E073773A95D0}
	EndGlobalSection
EndGlobal
